
Microsoft Visual Studio Solution File, Format Version 12.00
# Visual Studio 15
VisualStudioVersion = 15.0.28307.102
MinimumVisualStudioVersion = 10.0.40219.1
Project("{9A19103F-16F7-4668-BE54-9A1E7A4F7556}") = "JupyterSharpPhaser", "JupyterSharpPhaser\JupyterSharpPhaser.csproj", "{313706FA-B7A2-4AC4-BCA0-27C2CCB7CBF1}"
EndProject
Project("{FAE04EC0-301F-11D3-BF4B-00C04F79EFBC}") = "JupyterSharpPhaser.Web", "JupyterSharpPhaser.Web\JupyterSharpPhaser.Web.csproj", "{DCDDD61F-4C67-4EF6-8B42-025F67131776}"
EndProject
Global
	GlobalSection(SolutionConfigurationPlatforms) = preSolution
		Debug|Any CPU = Debug|Any CPU
		Release|Any CPU = Release|Any CPU
	EndGlobalSection
	GlobalSection(ProjectConfigurationPlatforms) = postSolution
		{313706FA-B7A2-4AC4-BCA0-27C2CCB7CBF1}.Debug|Any CPU.ActiveCfg = Debug|Any CPU
		{313706FA-B7A2-4AC4-BCA0-27C2CCB7CBF1}.Debug|Any CPU.Build.0 = Debug|Any CPU
		{313706FA-B7A2-4AC4-BCA0-27C2CCB7CBF1}.Release|Any CPU.ActiveCfg = Release|Any CPU
		{313706FA-B7A2-4AC4-BCA0-27C2CCB7CBF1}.Release|Any CPU.Build.0 = Release|Any CPU
		{DCDDD61F-4C67-4EF6-8B42-025F67131776}.Debug|Any CPU.ActiveCfg = Debug|Any CPU
		{DCDDD61F-4C67-4EF6-8B42-025F67131776}.Debug|Any CPU.Build.0 = Debug|Any CPU
		{DCDDD61F-4C67-4EF6-8B42-025F67131776}.Release|Any CPU.ActiveCfg = Release|Any CPU
		{DCDDD61F-4C67-4EF6-8B42-025F67131776}.Release|Any CPU.Build.0 = Release|Any CPU
	EndGlobalSection
	GlobalSection(SolutionProperties) = preSolution
		HideSolutionNode = FALSE
	EndGlobalSection
	GlobalSection(ExtensibilityGlobals) = postSolution
		SolutionGuid = {74759720-A426-4973-882F-5CB62A8BB00D}
	EndGlobalSection
EndGlobal
